
Microsoft Visual Studio Solution File, Format Version 12.00
# Visual Studio 15
VisualStudioVersion = 15.0.28307.168
MinimumVisualStudioVersion = 10.0.40219.1
Project("{FAE04EC0-301F-11D3-BF4B-00C04F79EFBC}") = "ClassAndObject", "ClassAndObject.csproj", "{F7D2DF3F-DAA6-456A-9207-C9B70FA3D008}"
EndProject
Global
	GlobalSection(SolutionConfigurationPlatforms) = preSolution
		Debug|Any CPU = Debug|Any CPU
		Release|Any CPU = Release|Any CPU
	EndGlobalSection
	GlobalSection(ProjectConfigurationPlatforms) = postSolution
		{F7D2DF3F-DAA6-456A-9207-C9B70FA3D008}.Debug|Any CPU.ActiveCfg = Debug|Any CPU
		{F7D2DF3F-DAA6-456A-9207-C9B70FA3D008}.Debug|Any CPU.Build.0 = Debug|Any CPU
		{F7D2DF3F-DAA6-456A-9207-C9B70FA3D008}.Release|Any CPU.ActiveCfg = Release|Any CPU
		{F7D2DF3F-DAA6-456A-9207-C9B70FA3D008}.Release|Any CPU.Build.0 = Release|Any CPU
	EndGlobalSection
	GlobalSection(SolutionProperties) = preSolution
		HideSolutionNode = FALSE
	EndGlobalSection
	GlobalSection(ExtensibilityGlobals) = postSolution
		SolutionGuid = {7B3A506C-FBD6-4FCF-A9B2-3D2C0CAFA423}
	EndGlobalSection
EndGlobal
